github.com/Chronokeeper/anyxml v0.0.0-20160530174208-54457d8e98c6 h1:Etfj2lhXyrYemgmWzEtEQQb1kezeEXc8jVjkQUyJnWI=
github.com/Chronokeeper/anyxml v0.0.0-20160530174208-54457d8e98c6/go.mod h1:YzuYAe2hrrwKXkM9kqjbkTLlkbA+/xw2MA46f1+ENxc=
github.com/CloudyKit/fastprinter v0.0.0-20170127035650-74b38d55f37a h1:3SgJcK9l5uPdBC/X17wanyJAMxM33+4ZhEIV96MIH8U=
github.com/CloudyKit/fastprinter v0.0.0-20170127035650-74b38d55f37a/go.mod h1:EFZQ978U7x8IRnstaskI3IysnWY5Ao3QgZUKOXlsAdw=
github.com/CloudyKit/jet v2.1.2+incompatible h1:ybZoYzMBdoijK6I+Ke3vg9GZsmlKo/ZhKdNMWz0P26c=
github.com/CloudyKit/jet v2.1.2+incompatible/go.mod h1:HPYO+50pSWkPoj9Q/eq0aRGByCL6ScRlUmiEX5Zgm+w=
github.com/Unknwon/goconfig v0.0.0-20161121224340-87a46d97951e/go.mod h1:wngxua9XCNjvHjDiTiV26DaKDT+0c63QR6H5hjVUUxw=
github.com/agrison/go-tablib v0.0.0-20160310143025-4930582c22ee h1:0RklYSvekYaIFI9JUx7TFPQvo++TdILmZiV17QI4nXk=
github.com/agrison/go-tablib v0.0.0-20160310143025-4930582c22ee/go.mod h1:M9nmO4lBRWR/bBv7UCOmDJ1MB2DVoqz19B4JchDA+K0=
github.com/agrison/mxj v0.0.0-20160310142625-1269f8afb3b4 h1:XBNSe5eibe5Fh131ah+xnO6s4A97U1T3tKZKLQQvqu0=
github.com/agrison/mxj v0.0.0-20160310142625-1269f8afb3b4/go.mod h1:n7qJAqL9BKqGqiJyjPbWtxpdswTL5wX0IVP2Uw4vVhQ=
github.com/bndr/gotabulate v1.1.3-0.20170315142410-bc555436bfd5 h1:D48YSLPNJ8WpdwDqYF8bMMKUB2bgdWEiFx1MGwPIdbs=
github.com/bndr/gotabulate v1.1.3-0.20170315142410-bc555436bfd5/go.mod h1:0+8yUgaPTtLRTjf49E8oju7ojpU11YmXyvq1LbPAb3U=
github.com/davecgh/go-spew v1.1.0 h1:ZDRjVQ15GmhC3fiQ8ni8+OwkZQO4DARzQgrnXU1Liz8=
github.com/davecgh/go-spew v1.1.0/go.mod h1:J7Y8YcW2NihsgmVo/mv3lAwl/skON4iLHjSsI+c5H38=
github.com/fatih/structs v1.0.1-0.20180123065059-ebf56d35bba7 h1:ekEaV86n8alAZsOsz1fug1ufEsVIUmAUCxI0y5dvXe0=
github.com/fatih/structs v1.0.1-0.20180123065059-ebf56d35bba7/go.mod h1:9NiDSp5zOcgEDl+j00MP/WkGVPOlPRLejGD8Ga6PJ7M=
github.com/fsnotify/fsnotify v1.4.3-0.20170329110642-4da3e2cfbabc h1:omfZI1v/Bu4YEatmRAYKISWA95u6XiN4Zorz/JPKCZA=
github.com/fsnotify/fsnotify v1.4.3-0.20170329110642-4da3e2cfbabc/go.mod h1:jwhsz4b93w/PPRr/qN1Yymfu8t87LnFCMoQvtojpjFo=
github.com/go-sql-driver/mysql v1.5.0 h1:ozyZYNQW3x3HtqT1jira07DN2PArx2v7/mN66gGcHOs=
github.com/go-sql-driver/mysql v1.5.0/go.mod h1:DCzpHaOWr8IXmIStZouvnhqoel9Qv2LBy8hT2VhHyBg=
github.com/go-xorm/sqlfiddle v0.0.0-20180821085327-62ce714f951a/go.mod h1:56xuuqnHyryaerycW3BfssRdxQstACi0Epw/yC5E2xM=
github.com/mattn/go-runewidth v0.0.3 h1:a+kO+98RDGEfo6asOGMmpodZq4FNtnGP54yps8BzLR4=
github.com/mattn/go-runewidth v0.0.3/go.mod h1:LwmH8dsx7+W8Uxz3IHJYH5QSwggIsqBzpuz5H//U1FU=
github.com/mattn/go-sqlite3 v2.0.2+incompatible h1:qzw9c2GNT8UFrgWNDhCTqRqYUSmu/Dav/9Z58LGpk7U=
github.com/mattn/go-sqlite3 v2.0.2+incompatible/go.mod h1:FPy6KqzDD04eiIsT53CuJW3U88zkxoIYsOqkbpncsNc=
github.com/pmezard/go-difflib v1.0.0 h1:4DBwDE0NGyQoBHbLQYPwSUPoCMWR5BEzIk/f1lZbAQM=
github.com/pmezard/go-difflib v1.0.0/go.mod h1:iKH77koFhYxTK1pcRnkKkqfTogsbg7gZNVY4sRDYZ/4=
github.com/stretchr/objx v0.1.0/go.mod h1:HFkY916IF+rwdDfMAkV7OtwuqBVzrE8GR6GFx+wExME=
github.com/stretchr/testify v1.3.0 h1:TivCn/peBQ7UY8ooIcPgZFpTNSz0Q2U6UrFlUfqbe0Q=
github.com/stretchr/testify v1.3.0/go.mod h1:M5WIy9Dh21IEIfnGCwXGc5bZfKNJtfHm1UVUgZn+9EI=
github.com/tealeg/xlsx v1.0.4-0.20180419195153-f36fa3be8893 h1:x+HNL/+eUTIzieDdCKbl6QjneUXKuiiTBvC9s5USpT0=
github.com/tealeg/xlsx v1.0.4-0.20180419195153-f36fa3be8893/go.mod h1:uxu5UY2ovkuRPWKQ8Q7JG0JbSivrISjdPzZQKeo74mA=
github.com/xormplus/builder v0.0.0-20190724032102-0ee351fedce9 h1:h7b9aRnem5U6YuCWZlAnRWyowAR8hIIyyqUkbuAn0ms=
github.com/xormplus/builder v0.0.0-20190724032102-0ee351fedce9/go.mod h1:DR+4rxdyeR2G5yyiNx6j3/0TLjG5g+CICZfXmL2AHBg=
github.com/xormplus/core v0.0.0-20190724072625-00f5a85ad6e0 h1:vqleyrxQwTNEr+jlW3VuOYlTRtoyDp/h6C6b0R9Ewro=
github.com/xormplus/core v0.0.0-20190724072625-00f5a85ad6e0/go.mod h1:V3p6iAR/MaICgU6GJqxGQxspfljTyfOTv4Czz0B5atU=
golang.org/x/sys v0.0.0-20200113162924-86b910548bc1 h1:gZpLHxUX5BdYLA08Lj4YCJNN/jk7KtquiArPoeX0WvA=
golang.org/x/sys v0.0.0-20200113162924-86b910548bc1/go.mod h1:h1NjWce9XRLGQEsW7wpKNCjG9DtNlClVuFLEZdDNbEs=
gopkg.in/flosch/pongo2.v3 v3.0.0-20141028000813-5e81b817a0c4 h1:eyQQg/uGuZ3ndaBhqteakHpVW+dSOPalilfC9RpM2TA=
gopkg.in/flosch/pongo2.v3 v3.0.0-20141028000813-5e81b817a0c4/go.mod h1:bJkYqV5pg6+Z7MsSu/hSb1zsPT955hBW2QHLE1jm4wA=
gopkg.in/yaml.v2 v2.0.0-20160928153709-a5b47d31c556 h1:hKXbLW5oaJoQgs8KrzTLdF4PoHi+0oQPgea9TNtvE3E=
gopkg.in/yaml.v2 v2.0.0-20160928153709-a5b47d31c556/go.mod h1:JAlM8MvJe8wmxCU4Bli9HhUf9+ttbYbLASfIpnQbh74=
